// !$*UTF8*$!
{
	archiveVersion = 1;
	classes = {
	};
	objectVersion = 46;
	objects = {

/* Begin PBXBuildFile section */
		090C02D90F1816C52FE7A8C5 /* Pods_eulerTests.framework in Frameworks */ = {isa = PBXBuildFile; fileRef = 7C8E3E82C580B43F32730D5A /* Pods_eulerTests.framework */; settings = {ATTRIBUTES = (Weak, ); }; };
		291948DD1A54CFA500DB9AAF /* PrimeTests.swift in Sources */ = {isa = PBXBuildFile; fileRef = 291948DC1A54CFA500DB9AAF /* PrimeTests.swift */; };
		291948E01A54CFDA00DB9AAF /* String+EulerKit.swift in Sources */ = {isa = PBXBuildFile; fileRef = 291948DF1A54CFDA00DB9AAF /* String+EulerKit.swift */; };
		291948E11A54CFE200DB9AAF /* String+EulerKit.swift in Sources */ = {isa = PBXBuildFile; fileRef = 291948DF1A54CFDA00DB9AAF /* String+EulerKit.swift */; };
		291948E31A54D04F00DB9AAF /* Sequences.swift in Sources */ = {isa = PBXBuildFile; fileRef = 291948E21A54D04F00DB9AAF /* Sequences.swift */; };
		291948E41A54D04F00DB9AAF /* Sequences.swift in Sources */ = {isa = PBXBuildFile; fileRef = 291948E21A54D04F00DB9AAF /* Sequences.swift */; };
		291948E61A54D0B800DB9AAF /* Set.swift in Sources */ = {isa = PBXBuildFile; fileRef = 291948E51A54D0B800DB9AAF /* Set.swift */; };
		291948E71A54D0B800DB9AAF /* Set.swift in Sources */ = {isa = PBXBuildFile; fileRef = 291948E51A54D0B800DB9AAF /* Set.swift */; };
		291948E91A54D24100DB9AAF /* Int+EulerKit.swift in Sources */ = {isa = PBXBuildFile; fileRef = 291948E81A54D24100DB9AAF /* Int+EulerKit.swift */; };
		291948EA1A54D24100DB9AAF /* Int+EulerKit.swift in Sources */ = {isa = PBXBuildFile; fileRef = 291948E81A54D24100DB9AAF /* Int+EulerKit.swift */; };
		291948EC1A54D29C00DB9AAF /* GlobalHelpers.swift in Sources */ = {isa = PBXBuildFile; fileRef = 291948EB1A54D29C00DB9AAF /* GlobalHelpers.swift */; };
		291948ED1A54D29C00DB9AAF /* GlobalHelpers.swift in Sources */ = {isa = PBXBuildFile; fileRef = 291948EB1A54D29C00DB9AAF /* GlobalHelpers.swift */; };
		291948EF1A54DD2B00DB9AAF /* StringNum.swift in Sources */ = {isa = PBXBuildFile; fileRef = 291948EE1A54DD2B00DB9AAF /* StringNum.swift */; };
		291948F01A54DD2B00DB9AAF /* StringNum.swift in Sources */ = {isa = PBXBuildFile; fileRef = 291948EE1A54DD2B00DB9AAF /* StringNum.swift */; };
		293741C01A57A85000CDF2DF /* Problem27.swift in Sources */ = {isa = PBXBuildFile; fileRef = 293741BF1A57A85000CDF2DF /* Problem27.swift */; };
		293741C11A57A85000CDF2DF /* Problem27.swift in Sources */ = {isa = PBXBuildFile; fileRef = 293741BF1A57A85000CDF2DF /* Problem27.swift */; };
		293741C31A589CA700CDF2DF /* Problem26.swift in Sources */ = {isa = PBXBuildFile; fileRef = 293741C21A589CA700CDF2DF /* Problem26.swift */; };
		293741C41A589CA700CDF2DF /* Problem26.swift in Sources */ = {isa = PBXBuildFile; fileRef = 293741C21A589CA700CDF2DF /* Problem26.swift */; };
		29B7CDF11A54F47000BBDCB1 /* JKBigNum.swift in Sources */ = {isa = PBXBuildFile; fileRef = 29B7CDF01A54F47000BBDCB1 /* JKBigNum.swift */; };
		29B7CDF31A55E2D900BBDCB1 /* libssl.dylib in Frameworks */ = {isa = PBXBuildFile; fileRef = 29B7CDF21A55E2D900BBDCB1 /* libssl.dylib */; };
		29B7CDF61A55E40200BBDCB1 /* SSLBigNum.swift in Sources */ = {isa = PBXBuildFile; fileRef = 29B7CDF51A55E40200BBDCB1 /* SSLBigNum.swift */; };
		29B7CDF81A579F2E00BBDCB1 /* Problem28.swift in Sources */ = {isa = PBXBuildFile; fileRef = 29B7CDF71A579F2E00BBDCB1 /* Problem28.swift */; };
		29B7CDF91A579F2E00BBDCB1 /* Problem28.swift in Sources */ = {isa = PBXBuildFile; fileRef = 29B7CDF71A579F2E00BBDCB1 /* Problem28.swift */; };
		29D1B4551A47A91F0002B363 /* BigNum.swift in Sources */ = {isa = PBXBuildFile; fileRef = 29D1B4541A47A91F0002B363 /* BigNum.swift */; };
		29D1B4571A47AA200002B363 /* BigNumTests.swift in Sources */ = {isa = PBXBuildFile; fileRef = 29D1B4561A47AA200002B363 /* BigNumTests.swift */; };
		550BF5B019CAA5EF00ECDF82 /* p022_names.txt in Resources */ = {isa = PBXBuildFile; fileRef = 558A364F19CA968C007740E2 /* p022_names.txt */; };
		550BF5B319CB787400ECDF82 /* Problem23.swift in Sources */ = {isa = PBXBuildFile; fileRef = 550BF5B219CB787400ECDF82 /* Problem23.swift */; };
		552558CA19AEB953004B958F /* main.swift in Sources */ = {isa = PBXBuildFile; fileRef = 552558C919AEB953004B958F /* main.swift */; };
		554B6F7819C5532000421F5F /* Problem20.swift in Sources */ = {isa = PBXBuildFile; fileRef = 554B6F7719C5532000421F5F /* Problem20.swift */; };
		554B6F7919C5532000421F5F /* Problem20.swift in Sources */ = {isa = PBXBuildFile; fileRef = 554B6F7719C5532000421F5F /* Problem20.swift */; };
		554B6F7B19C5532F00421F5F /* Problem19.swift in Sources */ = {isa = PBXBuildFile; fileRef = 554B6F7A19C5532F00421F5F /* Problem19.swift */; };
		554B6F7C19C5532F00421F5F /* Problem19.swift in Sources */ = {isa = PBXBuildFile; fileRef = 554B6F7A19C5532F00421F5F /* Problem19.swift */; };
		5567C01C19CC011B0057B113 /* Problem24.swift in Sources */ = {isa = PBXBuildFile; fileRef = 5567C01B19CC011B0057B113 /* Problem24.swift */; };
		5581721F19C54F5000053B00 /* Problem18.swift in Sources */ = {isa = PBXBuildFile; fileRef = 5581721E19C54F5000053B00 /* Problem18.swift */; };
		5581722019C54F5000053B00 /* Problem18.swift in Sources */ = {isa = PBXBuildFile; fileRef = 5581721E19C54F5000053B00 /* Problem18.swift */; };
		558A364C19CA7CC6007740E2 /* Problem21.swift in Sources */ = {isa = PBXBuildFile; fileRef = 558A364B19CA7CC6007740E2 /* Problem21.swift */; };
		558A364D19CA7CC6007740E2 /* Problem21.swift in Sources */ = {isa = PBXBuildFile; fileRef = 558A364B19CA7CC6007740E2 /* Problem21.swift */; };
		558A365019CA968C007740E2 /* p022_names.txt in Resources */ = {isa = PBXBuildFile; fileRef = 558A364F19CA968C007740E2 /* p022_names.txt */; };
		558A365219CA96BF007740E2 /* Problem22.swift in Sources */ = {isa = PBXBuildFile; fileRef = 558A365119CA96BF007740E2 /* Problem22.swift */; };
		558A365319CA96BF007740E2 /* Problem22.swift in Sources */ = {isa = PBXBuildFile; fileRef = 558A365119CA96BF007740E2 /* Problem22.swift */; };
		558C9EF919C1460700D8E04D /* Problem17.swift in Sources */ = {isa = PBXBuildFile; fileRef = 558C9EF819C1460700D8E04D /* Problem17.swift */; };
		558C9EFA19C1460700D8E04D /* Problem17.swift in Sources */ = {isa = PBXBuildFile; fileRef = 558C9EF819C1460700D8E04D /* Problem17.swift */; };
		558DE42A19B687CF0088B812 /* Euler.swift in Sources */ = {isa = PBXBuildFile; fileRef = 558DE42919B687CF0088B812 /* Euler.swift */; };
		558DE46319B6A3CB0088B812 /* EulerTests.swift in Sources */ = {isa = PBXBuildFile; fileRef = 558DE46219B6A3CB0088B812 /* EulerTests.swift */; };
		558DE46919B6A4050088B812 /* Euler.swift in Sources */ = {isa = PBXBuildFile; fileRef = 558DE42919B687CF0088B812 /* Euler.swift */; };
		558DE47819B6A6F00088B812 /* PalindromeTest.swift in Sources */ = {isa = PBXBuildFile; fileRef = 558DE47719B6A6F00088B812 /* PalindromeTest.swift */; };
		558DE47A19B6B6EB0088B812 /* Stopwatch.swift in Sources */ = {isa = PBXBuildFile; fileRef = 558DE47919B6B6EB0088B812 /* Stopwatch.swift */; };
		55AEC16A19C22A5300402275 /* Problem17Tests.swift in Sources */ = {isa = PBXBuildFile; fileRef = 55AEC16919C22A5300402275 /* Problem17Tests.swift */; };
		55B8949F19C016F400A7E598 /* Problem1.swift in Sources */ = {isa = PBXBuildFile; fileRef = 55B8948F19C016F400A7E598 /* Problem1.swift */; };
		55B894A019C016F400A7E598 /* Problem2.swift in Sources */ = {isa = PBXBuildFile; fileRef = 55B8949019C016F400A7E598 /* Problem2.swift */; };
		55B894A119C016F400A7E598 /* Problem3.swift in Sources */ = {isa = PBXBuildFile; fileRef = 55B8949119C016F400A7E598 /* Problem3.swift */; };
		55B894A219C016F400A7E598 /* Problem4.swift in Sources */ = {isa = PBXBuildFile; fileRef = 55B8949219C016F400A7E598 /* Problem4.swift */; };
		55B894A319C016F400A7E598 /* Problem5.swift in Sources */ = {isa = PBXBuildFile; fileRef = 55B8949319C016F400A7E598 /* Problem5.swift */; };
		55B894A419C016F400A7E598 /* Problem6.swift in Sources */ = {isa = PBXBuildFile; fileRef = 55B8949419C016F400A7E598 /* Problem6.swift */; };
		55B894A519C016F400A7E598 /* Problem7.swift in Sources */ = {isa = PBXBuildFile; fileRef = 55B8949519C016F400A7E598 /* Problem7.swift */; };
		55B894A619C016F400A7E598 /* Problem8.swift in Sources */ = {isa = PBXBuildFile; fileRef = 55B8949619C016F400A7E598 /* Problem8.swift */; };
		55B894A719C016F400A7E598 /* Problem9.swift in Sources */ = {isa = PBXBuildFile; fileRef = 55B8949719C016F400A7E598 /* Problem9.swift */; };
		55B894A819C016F400A7E598 /* Problem10.swift in Sources */ = {isa = PBXBuildFile; fileRef = 55B8949819C016F400A7E598 /* Problem10.swift */; };
		55B894A919C016F400A7E598 /* Problem11.swift in Sources */ = {isa = PBXBuildFile; fileRef = 55B8949919C016F400A7E598 /* Problem11.swift */; };
		55B894AA19C016F400A7E598 /* Problem12.swift in Sources */ = {isa = PBXBuildFile; fileRef = 55B8949A19C016F400A7E598 /* Problem12.swift */; };
		55B894AB19C016F400A7E598 /* Problem13.swift in Sources */ = {isa = PBXBuildFile; fileRef = 55B8949B19C016F400A7E598 /* Problem13.swift */; };
		55B894AC19C016F400A7E598 /* Problem14.swift in Sources */ = {isa = PBXBuildFile; fileRef = 55B8949C19C016F400A7E598 /* Problem14.swift */; };
		55B894AD19C016F400A7E598 /* Problem15.swift in Sources */ = {isa = PBXBuildFile; fileRef = 55B8949D19C016F400A7E598 /* Problem15.swift */; };
		55B894AE19C016F400A7E598 /* Problem16.swift in Sources */ = {isa = PBXBuildFile; fileRef = 55B8949E19C016F400A7E598 /* Problem16.swift */; };
		55B894AF19C0173700A7E598 /* Problem1.swift in Sources */ = {isa = PBXBuildFile; fileRef = 55B8948F19C016F400A7E598 /* Problem1.swift */; };
		55B894B019C0173700A7E598 /* Problem2.swift in Sources */ = {isa = PBXBuildFile; fileRef = 55B8949019C016F400A7E598 /* Problem2.swift */; };
		55B894B119C0173700A7E598 /* Problem3.swift in Sources */ = {isa = PBXBuildFile; fileRef = 55B8949119C016F400A7E598 /* Problem3.swift */; };
		55B894B219C0173700A7E598 /* Problem4.swift in Sources */ = {isa = PBXBuildFile; fileRef = 55B8949219C016F400A7E598 /* Problem4.swift */; };
		55B894B319C0173700A7E598 /* Problem5.swift in Sources */ = {isa = PBXBuildFile; fileRef = 55B8949319C016F400A7E598 /* Problem5.swift */; };
		55B894B419C0173700A7E598 /* Problem6.swift in Sources */ = {isa = PBXBuildFile; fileRef = 55B8949419C016F400A7E598 /* Problem6.swift */; };
		55B894B519C0173700A7E598 /* Problem7.swift in Sources */ = {isa = PBXBuildFile; fileRef = 55B8949519C016F400A7E598 /* Problem7.swift */; };
		55B894B619C0173700A7E598 /* Problem8.swift in Sources */ = {isa = PBXBuildFile; fileRef = 55B8949619C016F400A7E598 /* Problem8.swift */; };
		55B894B719C0173700A7E598 /* Problem9.swift in Sources */ = {isa = PBXBuildFile; fileRef = 55B8949719C016F400A7E598 /* Problem9.swift */; };
		55B894B819C0173700A7E598 /* Problem10.swift in Sources */ = {isa = PBXBuildFile; fileRef = 55B8949819C016F400A7E598 /* Problem10.swift */; };
		55B894B919C0173700A7E598 /* Problem11.swift in Sources */ = {isa = PBXBuildFile; fileRef = 55B8949919C016F400A7E598 /* Problem11.swift */; };
		55B894BA19C0173700A7E598 /* Problem12.swift in Sources */ = {isa = PBXBuildFile; fileRef = 55B8949A19C016F400A7E598 /* Problem12.swift */; };
		55B894BB19C0173700A7E598 /* Problem13.swift in Sources */ = {isa = PBXBuildFile; fileRef = 55B8949B19C016F400A7E598 /* Problem13.swift */; };
		55B894BC19C0173700A7E598 /* Problem14.swift in Sources */ = {isa = PBXBuildFile; fileRef = 55B8949C19C016F400A7E598 /* Problem14.swift */; };
		55B894BD19C0173700A7E598 /* Problem15.swift in Sources */ = {isa = PBXBuildFile; fileRef = 55B8949D19C016F400A7E598 /* Problem15.swift */; };
		55B894BE19C0173700A7E598 /* Problem16.swift in Sources */ = {isa = PBXBuildFile; fileRef = 55B8949E19C016F400A7E598 /* Problem16.swift */; };
		55B894C019C0174A00A7E598 /* Problem16Tests.swift in Sources */ = {isa = PBXBuildFile; fileRef = 55B894BF19C0174A00A7E598 /* Problem16Tests.swift */; };
		55B894C319C0285400A7E598 /* Problem15Tests.swift in Sources */ = {isa = PBXBuildFile; fileRef = 55B894C219C0285400A7E598 /* Problem15Tests.swift */; };
		55BD79B11A42882700B293C1 /* PrimeFactorsTest.swift in Sources */ = {isa = PBXBuildFile; fileRef = 55BD79B01A42882700B293C1 /* PrimeFactorsTest.swift */; };
		55C643DE19CCB522000FD9E1 /* Problem25.swift in Sources */ = {isa = PBXBuildFile; fileRef = 55C643DD19CCB522000FD9E1 /* Problem25.swift */; };
		DC23569069A77DD9575EDB26 /* libPods.a in Frameworks */ = {isa = PBXBuildFile; fileRef = 0B19A460A663824B3F0E7026 /* libPods.a */; };
/* End PBXBuildFile section */

/* Begin PBXCopyFilesBuildPhase section */
		552558C419AEB953004B958F /* CopyFiles */ = {
			isa = PBXCopyFilesBuildPhase;
			buildActionMask = 2147483647;
			dstPath = /usr/share/man/man1/;
			dstSubfolderSpec = 0;
			files = (
			);
			runOnlyForDeploymentPostprocessing = 1;
		};
/* End PBXCopyFilesBuildPhase section */

/* Begin PBXFileReference section */
		0B19A460A663824B3F0E7026 /* libPods.a */ = {isa = PBXFileReference; explicitFileType = archive.ar; includeInIndex = 0; path = libPods.a; sourceTree = BUILT_PRODUCTS_DIR; };
		291948DC1A54CFA500DB9AAF /* PrimeTests.swift */ = {isa = PBXFileReference; fileEncoding = 4; lastKnownFileType = sourcecode.swift; path = PrimeTests.swift; sourceTree = "<group>"; };
		291948DF1A54CFDA00DB9AAF /* String+EulerKit.swift */ = {isa = PBXFileReference; fileEncoding = 4; lastKnownFileType = sourcecode.swift; name = "String+EulerKit.swift"; path = "EulerKit/String+EulerKit.swift"; sourceTree = "<group>"; };
		291948E21A54D04F00DB9AAF /* Sequences.swift */ = {isa = PBXFileReference; fileEncoding = 4; lastKnownFileType = sourcecode.swift; name = Sequences.swift; path = EulerKit/Sequences.swift; sourceTree = "<group>"; };
		291948E51A54D0B800DB9AAF /* Set.swift */ = {isa = PBXFileReference; fileEncoding = 4; lastKnownFileType = sourcecode.swift; name = Set.swift; path = EulerKit/Set.swift; sourceTree = "<group>"; };
		291948E81A54D24100DB9AAF /* Int+EulerKit.swift */ = {isa = PBXFileReference; fileEncoding = 4; lastKnownFileType = sourcecode.swift; path = "Int+EulerKit.swift"; sourceTree = "<group>"; };
		291948EB1A54D29C00DB9AAF /* GlobalHelpers.swift */ = {isa = PBXFileReference; fileEncoding = 4; lastKnownFileType = sourcecode.swift; path = GlobalHelpers.swift; sourceTree = "<group>"; };
		291948EE1A54DD2B00DB9AAF /* StringNum.swift */ = {isa = PBXFileReference; fileEncoding = 4; lastKnownFileType = sourcecode.swift; path = StringNum.swift; sourceTree = "<group>"; };
		293741BF1A57A85000CDF2DF /* Problem27.swift */ = {isa = PBXFileReference; fileEncoding = 4; lastKnownFileType = sourcecode.swift; path = Problem27.swift; sourceTree = "<group>"; };
		293741C21A589CA700CDF2DF /* Problem26.swift */ = {isa = PBXFileReference; fileEncoding = 4; lastKnownFileType = sourcecode.swift; path = Problem26.swift; sourceTree = "<group>"; };
		29B7CDEF1A54F00600BBDCB1 /* euler-Bridging-Header.h */ = {isa = PBXFileReference; lastKnownFileType = sourcecode.c.h; path = "euler-Bridging-Header.h"; sourceTree = "<group>"; };
		29B7CDF01A54F47000BBDCB1 /* JKBigNum.swift */ = {isa = PBXFileReference; fileEncoding = 4; lastKnownFileType = sourcecode.swift; path = JKBigNum.swift; sourceTree = "<group>"; };
		29B7CDF21A55E2D900BBDCB1 /* libssl.dylib */ = {isa = PBXFileReference; lastKnownFileType = "compiled.mach-o.dylib"; name = libssl.dylib; path = usr/lib/libssl.dylib; sourceTree = SDKROOT; };
		29B7CDF51A55E40200BBDCB1 /* SSLBigNum.swift */ = {isa = PBXFileReference; fileEncoding = 4; lastKnownFileType = sourcecode.swift; path = SSLBigNum.swift; sourceTree = "<group>"; };
		29B7CDF71A579F2E00BBDCB1 /* Problem28.swift */ = {isa = PBXFileReference; fileEncoding = 4; lastKnownFileType = sourcecode.swift; path = Problem28.swift; sourceTree = "<group>"; };
		29D1B4541A47A91F0002B363 /* BigNum.swift */ = {isa = PBXFileReference; fileEncoding = 4; lastKnownFileType = sourcecode.swift; name = BigNum.swift; path = EulerKit/BigNum.swift; sourceTree = "<group>"; };
		29D1B4561A47AA200002B363 /* BigNumTests.swift */ = {isa = PBXFileReference; fileEncoding = 4; lastKnownFileType = sourcecode.swift; path = BigNumTests.swift; sourceTree = "<group>"; };
		5073322D203495D289EB5811 /* Pods-eulerTests.debug.xcconfig */ = {isa = PBXFileReference; includeInIndex = 1; lastKnownFileType = text.xcconfig; name = "Pods-eulerTests.debug.xcconfig"; path = "Pods/Target Support Files/Pods-eulerTests/Pods-eulerTests.debug.xcconfig"; sourceTree = "<group>"; };
		550BF5B219CB787400ECDF82 /* Problem23.swift */ = {isa = PBXFileReference; fileEncoding = 4; lastKnownFileType = sourcecode.swift; path = Problem23.swift; sourceTree = "<group>"; };
		552558C619AEB953004B958F /* euler */ = {isa = PBXFileReference; explicitFileType = "compiled.mach-o.executable"; includeInIndex = 0; path = euler; sourceTree = BUILT_PRODUCTS_DIR; };
		552558C919AEB953004B958F /* main.swift */ = {isa = PBXFileReference; lastKnownFileType = sourcecode.swift; path = main.swift; sourceTree = "<group>"; };
		554B6F7719C5532000421F5F /* Problem20.swift */ = {isa = PBXFileReference; fileEncoding = 4; lastKnownFileType = sourcecode.swift; path = Problem20.swift; sourceTree = "<group>"; };
		554B6F7A19C5532F00421F5F /* Problem19.swift */ = {isa = PBXFileReference; fileEncoding = 4; lastKnownFileType = sourcecode.swift; path = Problem19.swift; sourceTree = "<group>"; };
		5567C01B19CC011B0057B113 /* Problem24.swift */ = {isa = PBXFileReference; fileEncoding = 4; lastKnownFileType = sourcecode.swift; path = Problem24.swift; sourceTree = "<group>"; };
		5581721E19C54F5000053B00 /* Problem18.swift */ = {isa = PBXFileReference; fileEncoding = 4; lastKnownFileType = sourcecode.swift; path = Problem18.swift; sourceTree = "<group>"; };
		558A364B19CA7CC6007740E2 /* Problem21.swift */ = {isa = PBXFileReference; fileEncoding = 4; lastKnownFileType = sourcecode.swift; path = Problem21.swift; sourceTree = "<group>"; };
		558A364F19CA968C007740E2 /* p022_names.txt */ = {isa = PBXFileReference; fileEncoding = 4; lastKnownFileType = text; path = p022_names.txt; sourceTree = "<group>"; };
		558A365119CA96BF007740E2 /* Problem22.swift */ = {isa = PBXFileReference; fileEncoding = 4; lastKnownFileType = sourcecode.swift; path = Problem22.swift; sourceTree = "<group>"; };
		558C9EF819C1460700D8E04D /* Problem17.swift */ = {isa = PBXFileReference; fileEncoding = 4; lastKnownFileType = sourcecode.swift; path = Problem17.swift; sourceTree = "<group>"; };
		558DE42919B687CF0088B812 /* Euler.swift */ = {isa = PBXFileReference; fileEncoding = 4; lastKnownFileType = sourcecode.swift; path = Euler.swift; sourceTree = "<group>"; };
		558DE45E19B6A3CB0088B812 /* eulerTests.xctest */ = {isa = PBXFileReference; explicitFileType = wrapper.cfbundle; includeInIndex = 0; path = eulerTests.xctest; sourceTree = BUILT_PRODUCTS_DIR; };
		558DE46119B6A3CB0088B812 /* Info.plist */ = {isa = PBXFileReference; lastKnownFileType = text.plist.xml; path = Info.plist; sourceTree = "<group>"; };
		558DE46219B6A3CB0088B812 /* EulerTests.swift */ = {isa = PBXFileReference; lastKnownFileType = sourcecode.swift; path = EulerTests.swift; sourceTree = "<group>"; };
		558DE47719B6A6F00088B812 /* PalindromeTest.swift */ = {isa = PBXFileReference; fileEncoding = 4; lastKnownFileType = sourcecode.swift; path = PalindromeTest.swift; sourceTree = "<group>"; };
		558DE47919B6B6EB0088B812 /* Stopwatch.swift */ = {isa = PBXFileReference; fileEncoding = 4; lastKnownFileType = sourcecode.swift; path = Stopwatch.swift; sourceTree = "<group>"; };
		55AEC16919C22A5300402275 /* Problem17Tests.swift */ = {isa = PBXFileReference; fileEncoding = 4; lastKnownFileType = sourcecode.swift; path = Problem17Tests.swift; sourceTree = "<group>"; };
		55B8948F19C016F400A7E598 /* Problem1.swift */ = {isa = PBXFileReference; fileEncoding = 4; lastKnownFileType = sourcecode.swift; path = Problem1.swift; sourceTree = "<group>"; };
		55B8949019C016F400A7E598 /* Problem2.swift */ = {isa = PBXFileReference; fileEncoding = 4; lastKnownFileType = sourcecode.swift; path = Problem2.swift; sourceTree = "<group>"; };
		55B8949119C016F400A7E598 /* Problem3.swift */ = {isa = PBXFileReference; fileEncoding = 4; lastKnownFileType = sourcecode.swift; path = Problem3.swift; sourceTree = "<group>"; };
		55B8949219C016F400A7E598 /* Problem4.swift */ = {isa = PBXFileReference; fileEncoding = 4; lastKnownFileType = sourcecode.swift; path = Problem4.swift; sourceTree = "<group>"; };
		55B8949319C016F400A7E598 /* Problem5.swift */ = {isa = PBXFileReference; fileEncoding = 4; lastKnownFileType = sourcecode.swift; path = Problem5.swift; sourceTree = "<group>"; };
		55B8949419C016F400A7E598 /* Problem6.swift */ = {isa = PBXFileReference; fileEncoding = 4; lastKnownFileType = sourcecode.swift; path = Problem6.swift; sourceTree = "<group>"; };
		55B8949519C016F400A7E598 /* Problem7.swift */ = {isa = PBXFileReference; fileEncoding = 4; lastKnownFileType = sourcecode.swift; path = Problem7.swift; sourceTree = "<group>"; };
		55B8949619C016F400A7E598 /* Problem8.swift */ = {isa = PBXFileReference; fileEncoding = 4; lastKnownFileType = sourcecode.swift; path = Problem8.swift; sourceTree = "<group>"; };
		55B8949719C016F400A7E598 /* Problem9.swift */ = {isa = PBXFileReference; fileEncoding = 4; lastKnownFileType = sourcecode.swift; path = Problem9.swift; sourceTree = "<group>"; };
		55B8949819C016F400A7E598 /* Problem10.swift */ = {isa = PBXFileReference; fileEncoding = 4; lastKnownFileType = sourcecode.swift; path = Problem10.swift; sourceTree = "<group>"; };
		55B8949919C016F400A7E598 /* Problem11.swift */ = {isa = PBXFileReference; fileEncoding = 4; lastKnownFileType = sourcecode.swift; path = Problem11.swift; sourceTree = "<group>"; };
		55B8949A19C016F400A7E598 /* Problem12.swift */ = {isa = PBXFileReference; fileEncoding = 4; lastKnownFileType = sourcecode.swift; path = Problem12.swift; sourceTree = "<group>"; };
		55B8949B19C016F400A7E598 /* Problem13.swift */ = {isa = PBXFileReference; fileEncoding = 4; lastKnownFileType = sourcecode.swift; path = Problem13.swift; sourceTree = "<group>"; };
		55B8949C19C016F400A7E598 /* Problem14.swift */ = {isa = PBXFileReference; fileEncoding = 4; lastKnownFileType = sourcecode.swift; path = Problem14.swift; sourceTree = "<group>"; };
		55B8949D19C016F400A7E598 /* Problem15.swift */ = {isa = PBXFileReference; fileEncoding = 4; lastKnownFileType = sourcecode.swift; path = Problem15.swift; sourceTree = "<group>"; };
		55B8949E19C016F400A7E598 /* Problem16.swift */ = {isa = PBXFileReference; fileEncoding = 4; lastKnownFileType = sourcecode.swift; path = Problem16.swift; sourceTree = "<group>"; };
		55B894BF19C0174A00A7E598 /* Problem16Tests.swift */ = {isa = PBXFileReference; fileEncoding = 4; lastKnownFileType = sourcecode.swift; path = Problem16Tests.swift; sourceTree = "<group>"; };
		55B894C119C01F9400A7E598 /* euclidPlayground.playground */ = {isa = PBXFileReference; lastKnownFileType = file.playground; path = euclidPlayground.playground; sourceTree = "<group>"; };
		55B894C219C0285400A7E598 /* Problem15Tests.swift */ = {isa = PBXFileReference; fileEncoding = 4; lastKnownFileType = sourcecode.swift; path = Problem15Tests.swift; sourceTree = "<group>"; };
		55BD79B01A42882700B293C1 /* PrimeFactorsTest.swift */ = {isa = PBXFileReference; fileEncoding = 4; lastKnownFileType = sourcecode.swift; path = PrimeFactorsTest.swift; sourceTree = "<group>"; };
		55C643DD19CCB522000FD9E1 /* Problem25.swift */ = {isa = PBXFileReference; fileEncoding = 4; lastKnownFileType = sourcecode.swift; path = Problem25.swift; sourceTree = "<group>"; };
		658A5A94FFCD657F9190220C /* Pods.release.xcconfig */ = {isa = PBXFileReference; includeInIndex = 1; lastKnownFileType = text.xcconfig; name = Pods.release.xcconfig; path = "Pods/Target Support Files/Pods/Pods.release.xcconfig"; sourceTree = "<group>"; };
		7C8E3E82C580B43F32730D5A /* Pods_eulerTests.framework */ = {isa = PBXFileReference; explicitFileType = wrapper.framework; includeInIndex = 0; path = Pods_eulerTests.framework; sourceTree = BUILT_PRODUCTS_DIR; };
		C3E496690520F962E1DF87E6 /* Pods.debug.xcconfig */ = {isa = PBXFileReference; includeInIndex = 1; lastKnownFileType = text.xcconfig; name = Pods.debug.xcconfig; path = "Pods/Target Support Files/Pods/Pods.debug.xcconfig"; sourceTree = "<group>"; };
		F2FDF1EC7BD9EBF482B17466 /* Pods-eulerTests.release.xcconfig */ = {isa = PBXFileReference; includeInIndex = 1; lastKnownFileType = text.xcconfig; name = "Pods-eulerTests.release.xcconfig"; path = "Pods/Target Support Files/Pods-eulerTests/Pods-eulerTests.release.xcconfig"; sourceTree = "<group>"; };
/* End PBXFileReference section */

/* Begin PBXFrameworksBuildPhase section */
		552558C319AEB953004B958F /* Frameworks */ = {
			isa = PBXFrameworksBuildPhase;
			buildActionMask = 2147483647;
			files = (
				29B7CDF31A55E2D900BBDCB1 /* libssl.dylib in Frameworks */,
				DC23569069A77DD9575EDB26 /* libPods.a in Frameworks */,
			);
			runOnlyForDeploymentPostprocessing = 0;
		};
		558DE45B19B6A3CB0088B812 /* Frameworks */ = {
			isa = PBXFrameworksBuildPhase;
			buildActionMask = 2147483647;
			files = (
				090C02D90F1816C52FE7A8C5 /* Pods_eulerTests.framework in Frameworks */,
			);
			runOnlyForDeploymentPostprocessing = 0;
		};
/* End PBXFrameworksBuildPhase section */

/* Begin PBXGroup section */
		291948DE1A54CFBE00DB9AAF /* EulerKit */ = {
			isa = PBXGroup;
			children = (
				29D1B4541A47A91F0002B363 /* BigNum.swift */,
				291948E81A54D24100DB9AAF /* Int+EulerKit.swift */,
				291948E21A54D04F00DB9AAF /* Sequences.swift */,
				291948E51A54D0B800DB9AAF /* Set.swift */,
				291948DF1A54CFDA00DB9AAF /* String+EulerKit.swift */,
				291948EB1A54D29C00DB9AAF /* GlobalHelpers.swift */,
				291948EE1A54DD2B00DB9AAF /* StringNum.swift */,
				29B7CDF01A54F47000BBDCB1 /* JKBigNum.swift */,
				29B7CDF51A55E40200BBDCB1 /* SSLBigNum.swift */,
			);
			name = EulerKit;
			sourceTree = "<group>";
		};
		450483116AA08030D55A91C0 /* Frameworks */ = {
			isa = PBXGroup;
			children = (
				29B7CDF21A55E2D900BBDCB1 /* libssl.dylib */,
				7C8E3E82C580B43F32730D5A /* Pods_eulerTests.framework */,
				0B19A460A663824B3F0E7026 /* libPods.a */,
			);
			name = Frameworks;
			sourceTree = "<group>";
		};
		552558BD19AEB953004B958F = {
			isa = PBXGroup;
			children = (
				55B894C119C01F9400A7E598 /* euclidPlayground.playground */,
				552558C819AEB953004B958F /* euler */,
				558DE45F19B6A3CB0088B812 /* eulerTests */,
				552558C719AEB953004B958F /* Products */,
				55C97C1F4031BAF886437B0B /* Pods */,
				450483116AA08030D55A91C0 /* Frameworks */,
			);
			sourceTree = "<group>";
		};
		552558C719AEB953004B958F /* Products */ = {
			isa = PBXGroup;
			children = (
				552558C619AEB953004B958F /* euler */,
				558DE45E19B6A3CB0088B812 /* eulerTests.xctest */,
			);
			name = Products;
			sourceTree = "<group>";
		};
		552558C819AEB953004B958F /* euler */ = {
			isa = PBXGroup;
			children = (
				558DE42919B687CF0088B812 /* Euler.swift */,
				552558C919AEB953004B958F /* main.swift */,
				558DE47919B6B6EB0088B812 /* Stopwatch.swift */,
				558A364E19CA9658007740E2 /* Assets */,
				291948DE1A54CFBE00DB9AAF /* EulerKit */,
				55B8948E19C016D900A7E598 /* Problems */,
				29B7CDEF1A54F00600BBDCB1 /* euler-Bridging-Header.h */,
			);
			path = euler;
			sourceTree = "<group>";
		};
		558A364E19CA9658007740E2 /* Assets */ = {
			isa = PBXGroup;
			children = (
				558A364F19CA968C007740E2 /* p022_names.txt */,
			);
			path = Assets;
			sourceTree = "<group>";
		};
		558DE45F19B6A3CB0088B812 /* eulerTests */ = {
			isa = PBXGroup;
			children = (
				29D1B4561A47AA200002B363 /* BigNumTests.swift */,
				558DE46219B6A3CB0088B812 /* EulerTests.swift */,
				291948DC1A54CFA500DB9AAF /* PrimeTests.swift */,
				55BD79B01A42882700B293C1 /* PrimeFactorsTest.swift */,
				558DE47719B6A6F00088B812 /* PalindromeTest.swift */,
				55B894C219C0285400A7E598 /* Problem15Tests.swift */,
				55B894BF19C0174A00A7E598 /* Problem16Tests.swift */,
				55AEC16919C22A5300402275 /* Problem17Tests.swift */,
				558DE46019B6A3CB0088B812 /* Supporting Files */,
			);
			path = eulerTests;
			sourceTree = "<group>";
		};
		558DE46019B6A3CB0088B812 /* Supporting Files */ = {
			isa = PBXGroup;
			children = (
				558DE46119B6A3CB0088B812 /* Info.plist */,
			);
			name = "Supporting Files";
			sourceTree = "<group>";
		};
		55B8948E19C016D900A7E598 /* Problems */ = {
			isa = PBXGroup;
			children = (
				55B8948F19C016F400A7E598 /* Problem1.swift */,
				55B8949019C016F400A7E598 /* Problem2.swift */,
				55B8949119C016F400A7E598 /* Problem3.swift */,
				55B8949219C016F400A7E598 /* Problem4.swift */,
				55B8949319C016F400A7E598 /* Problem5.swift */,
				55B8949419C016F400A7E598 /* Problem6.swift */,
				55B8949519C016F400A7E598 /* Problem7.swift */,
				55B8949619C016F400A7E598 /* Problem8.swift */,
				55B8949719C016F400A7E598 /* Problem9.swift */,
				55B8949819C016F400A7E598 /* Problem10.swift */,
				55B8949919C016F400A7E598 /* Problem11.swift */,
				55B8949A19C016F400A7E598 /* Problem12.swift */,
				55B8949B19C016F400A7E598 /* Problem13.swift */,
				55B8949C19C016F400A7E598 /* Problem14.swift */,
				55B8949D19C016F400A7E598 /* Problem15.swift */,
				55B8949E19C016F400A7E598 /* Problem16.swift */,
				558C9EF819C1460700D8E04D /* Problem17.swift */,
				5581721E19C54F5000053B00 /* Problem18.swift */,
				554B6F7A19C5532F00421F5F /* Problem19.swift */,
				554B6F7719C5532000421F5F /* Problem20.swift */,
				558A364B19CA7CC6007740E2 /* Problem21.swift */,
				558A365119CA96BF007740E2 /* Problem22.swift */,
				550BF5B219CB787400ECDF82 /* Problem23.swift */,
				5567C01B19CC011B0057B113 /* Problem24.swift */,
				55C643DD19CCB522000FD9E1 /* Problem25.swift */,
				293741C21A589CA700CDF2DF /* Problem26.swift */,
				293741BF1A57A85000CDF2DF /* Problem27.swift */,
				29B7CDF71A579F2E00BBDCB1 /* Problem28.swift */,
			);
			path = Problems;
			sourceTree = "<group>";
		};
		55C97C1F4031BAF886437B0B /* Pods */ = {
			isa = PBXGroup;
			children = (
				C3E496690520F962E1DF87E6 /* Pods.debug.xcconfig */,
				658A5A94FFCD657F9190220C /* Pods.release.xcconfig */,
				5073322D203495D289EB5811 /* Pods-eulerTests.debug.xcconfig */,
				F2FDF1EC7BD9EBF482B17466 /* Pods-eulerTests.release.xcconfig */,
			);
			name = Pods;
			sourceTree = "<group>";
		};
/* End PBXGroup section */

/* Begin PBXNativeTarget section */
		552558C519AEB953004B958F /* euler */ = {
			isa = PBXNativeTarget;
			buildConfigurationList = 552558CD19AEB953004B958F /* Build configuration list for PBXNativeTarget "euler" */;
			buildPhases = (
				6C559B4FCD5F55DE1BCB2A25 /* Check Pods Manifest.lock */,
				550BF5AF19CAA5E800ECDF82 /* Resources */,
				552558C219AEB953004B958F /* Sources */,
				552558C319AEB953004B958F /* Frameworks */,
				552558C419AEB953004B958F /* CopyFiles */,
				C9D803CBA4E192AB2F202EC1 /* Copy Pods Resources */,
			);
			buildRules = (
			);
			dependencies = (
			);
			name = euler;
			productName = euler;
			productReference = 552558C619AEB953004B958F /* euler */;
			productType = "com.apple.product-type.tool";
		};
		558DE45D19B6A3CB0088B812 /* eulerTests */ = {
			isa = PBXNativeTarget;
			buildConfigurationList = 558DE46419B6A3CB0088B812 /* Build configuration list for PBXNativeTarget "eulerTests" */;
			buildPhases = (
				6F654DC3496E88BC83FE66DC /* Check Pods Manifest.lock */,
				558DE45A19B6A3CB0088B812 /* Sources */,
				558DE45B19B6A3CB0088B812 /* Frameworks */,
				558DE45C19B6A3CB0088B812 /* Resources */,
				6DB2D62A2BCF84BF1C16A85A /* Embed Pods Frameworks */,
				1398763444ACF9AECF1581C6 /* Copy Pods Resources */,
			);
			buildRules = (
			);
			dependencies = (
			);
			name = eulerTests;
			productName = eulerTests;
			productReference = 558DE45E19B6A3CB0088B812 /* eulerTests.xctest */;
			productType = "com.apple.product-type.bundle.unit-test";
		};
/* End PBXNativeTarget section */

/* Begin PBXProject section */
		552558BE19AEB953004B958F /* Project object */ = {
			isa = PBXProject;
			attributes = {
				LastUpgradeCheck = 0600;
				ORGANIZATIONNAME = "David Grandinetti";
				TargetAttributes = {
					552558C519AEB953004B958F = {
						CreatedOnToolsVersion = 6.0;
					};
					558DE45D19B6A3CB0088B812 = {
						CreatedOnToolsVersion = 6.0;
					};
				};
			};
			buildConfigurationList = 552558C119AEB953004B958F /* Build configuration list for PBXProject "euler" */;
			compatibilityVersion = "Xcode 3.2";
			developmentRegion = English;
			hasScannedForEncodings = 0;
			knownRegions = (
				en,
			);
			mainGroup = 552558BD19AEB953004B958F;
			productRefGroup = 552558C719AEB953004B958F /* Products */;
			projectDirPath = "";
			projectRoot = "";
			targets = (
				552558C519AEB953004B958F /* euler */,
				558DE45D19B6A3CB0088B812 /* eulerTests */,
			);
		};
/* End PBXProject section */

/* Begin PBXResourcesBuildPhase section */
		550BF5AF19CAA5E800ECDF82 /* Resources */ = {
			isa = PBXResourcesBuildPhase;
			buildActionMask = 2147483647;
			files = (
				550BF5B019CAA5EF00ECDF82 /* p022_names.txt in Resources */,
			);
			runOnlyForDeploymentPostprocessing = 0;
		};
		558DE45C19B6A3CB0088B812 /* Resources */ = {
			isa = PBXResourcesBuildPhase;
			buildActionMask = 2147483647;
			files = (
				558A365019CA968C007740E2 /* p022_names.txt in Resources */,
			);
			runOnlyForDeploymentPostprocessing = 0;
		};
/* End PBXResourcesBuildPhase section */

/* Begin PBXShellScriptBuildPhase section */
		1398763444ACF9AECF1581C6 /* Copy Pods Resources */ = {
			isa = PBXShellScriptBuildPhase;
			buildActionMask = 2147483647;
			files = (
			);
			inputPaths = (
			);
			name = "Copy Pods Resources";
			outputPaths = (
			);
			runOnlyForDeploymentPostprocessing = 0;
			shellPath = /bin/sh;
			shellScript = "\"${SRCROOT}/Pods/Target Support Files/Pods-eulerTests/Pods-eulerTests-resources.sh\"\n";
			showEnvVarsInLog = 0;
		};
		6C559B4FCD5F55DE1BCB2A25 /* Check Pods Manifest.lock */ = {
			isa = PBXShellScriptBuildPhase;
			buildActionMask = 2147483647;
			files = (
			);
			inputPaths = (
			);
			name = "Check Pods Manifest.lock";
			outputPaths = (
			);
			runOnlyForDeploymentPostprocessing = 0;
			shellPath = /bin/sh;
			shellScript = "diff \"${PODS_ROOT}/../Podfile.lock\" \"${PODS_ROOT}/Manifest.lock\" > /dev/null\nif [[ $? != 0 ]] ; then\n    cat << EOM\nerror: The sandbox is not in sync with the Podfile.lock. Run 'pod install' or update your CocoaPods installation.\nEOM\n    exit 1\nfi\n";
			showEnvVarsInLog = 0;
		};
		6DB2D62A2BCF84BF1C16A85A /* Embed Pods Frameworks */ = {
			isa = PBXShellScriptBuildPhase;
			buildActionMask = 2147483647;
			files = (
			);
			inputPaths = (
			);
			name = "Embed Pods Frameworks";
			outputPaths = (
			);
			runOnlyForDeploymentPostprocessing = 0;
			shellPath = /bin/sh;
			shellScript = "\"${SRCROOT}/Pods/Target Support Files/Pods-eulerTests/Pods-eulerTests-frameworks.sh\"\n";
			showEnvVarsInLog = 0;
		};
		6F654DC3496E88BC83FE66DC /* Check Pods Manifest.lock */ = {
			isa = PBXShellScriptBuildPhase;
			buildActionMask = 2147483647;
			files = (
			);
			inputPaths = (
			);
			name = "Check Pods Manifest.lock";
			outputPaths = (
			);
			runOnlyForDeploymentPostprocessing = 0;
			shellPath = /bin/sh;
			shellScript = "diff \"${PODS_ROOT}/../Podfile.lock\" \"${PODS_ROOT}/Manifest.lock\" > /dev/null\nif [[ $? != 0 ]] ; then\n    cat << EOM\nerror: The sandbox is not in sync with the Podfile.lock. Run 'pod install' or update your CocoaPods installation.\nEOM\n    exit 1\nfi\n";
			showEnvVarsInLog = 0;
		};
		C9D803CBA4E192AB2F202EC1 /* Copy Pods Resources */ = {
			isa = PBXShellScriptBuildPhase;
			buildActionMask = 2147483647;
			files = (
			);
			inputPaths = (
			);
			name = "Copy Pods Resources";
			outputPaths = (
			);
			runOnlyForDeploymentPostprocessing = 0;
			shellPath = /bin/sh;
			shellScript = "\"${SRCROOT}/Pods/Target Support Files/Pods/Pods-resources.sh\"\n";
			showEnvVarsInLog = 0;
		};
/* End PBXShellScriptBuildPhase section */

/* Begin PBXSourcesBuildPhase section */
		552558C219AEB953004B958F /* Sources */ = {
			isa = PBXSourcesBuildPhase;
			buildActionMask = 2147483647;
			files = (
				291948E91A54D24100DB9AAF /* Int+EulerKit.swift in Sources */,
				55B894A619C016F400A7E598 /* Problem8.swift in Sources */,
				55B894A419C016F400A7E598 /* Problem6.swift in Sources */,
				293741C31A589CA700CDF2DF /* Problem26.swift in Sources */,
				55B894A519C016F400A7E598 /* Problem7.swift in Sources */,
				291948E01A54CFDA00DB9AAF /* String+EulerKit.swift in Sources */,
				293741C01A57A85000CDF2DF /* Problem27.swift in Sources */,
				5581721F19C54F5000053B00 /* Problem18.swift in Sources */,
				55B894AA19C016F400A7E598 /* Problem12.swift in Sources */,
				55B894A719C016F400A7E598 /* Problem9.swift in Sources */,
				29D1B4551A47A91F0002B363 /* BigNum.swift in Sources */,
				558A365219CA96BF007740E2 /* Problem22.swift in Sources */,
				558DE47A19B6B6EB0088B812 /* Stopwatch.swift in Sources */,
				55B894A019C016F400A7E598 /* Problem2.swift in Sources */,
				552558CA19AEB953004B958F /* main.swift in Sources */,
				55B894A819C016F400A7E598 /* Problem10.swift in Sources */,
				55B894A119C016F400A7E598 /* Problem3.swift in Sources */,
				558DE42A19B687CF0088B812 /* Euler.swift in Sources */,
				558C9EF919C1460700D8E04D /* Problem17.swift in Sources */,
				291948E61A54D0B800DB9AAF /* Set.swift in Sources */,
				550BF5B319CB787400ECDF82 /* Problem23.swift in Sources */,
				554B6F7B19C5532F00421F5F /* Problem19.swift in Sources */,
				29B7CDF61A55E40200BBDCB1 /* SSLBigNum.swift in Sources */,
				29B7CDF81A579F2E00BBDCB1 /* Problem28.swift in Sources */,
				558A364C19CA7CC6007740E2 /* Problem21.swift in Sources */,
				55B894AD19C016F400A7E598 /* Problem15.swift in Sources */,
				291948EC1A54D29C00DB9AAF /* GlobalHelpers.swift in Sources */,
				55B894A219C016F400A7E598 /* Problem4.swift in Sources */,
				29B7CDF11A54F47000BBDCB1 /* JKBigNum.swift in Sources */,
				55B894A919C016F400A7E598 /* Problem11.swift in Sources */,
				55B894AE19C016F400A7E598 /* Problem16.swift in Sources */,
				291948E31A54D04F00DB9AAF /* Sequences.swift in Sources */,
				55B894AC19C016F400A7E598 /* Problem14.swift in Sources */,
				55C643DE19CCB522000FD9E1 /* Problem25.swift in Sources */,
				291948EF1A54DD2B00DB9AAF /* StringNum.swift in Sources */,
				55B8949F19C016F400A7E598 /* Problem1.swift in Sources */,
				55B894A319C016F400A7E598 /* Problem5.swift in Sources */,
				5567C01C19CC011B0057B113 /* Problem24.swift in Sources */,
				55B894AB19C016F400A7E598 /* Problem13.swift in Sources */,
				554B6F7819C5532000421F5F /* Problem20.swift in Sources */,
			);
			runOnlyForDeploymentPostprocessing = 0;
		};
		558DE45A19B6A3CB0088B812 /* Sources */ = {
			isa = PBXSourcesBuildPhase;
			buildActionMask = 2147483647;
			files = (
				55B894B619C0173700A7E598 /* Problem8.swift in Sources */,
				55B894B419C0173700A7E598 /* Problem6.swift in Sources */,
				55BD79B11A42882700B293C1 /* PrimeFactorsTest.swift in Sources */,
				293741C41A589CA700CDF2DF /* Problem26.swift in Sources */,
				55B894B519C0173700A7E598 /* Problem7.swift in Sources */,
				55B894BA19C0173700A7E598 /* Problem12.swift in Sources */,
				293741C11A57A85000CDF2DF /* Problem27.swift in Sources */,
				55B894B719C0173700A7E598 /* Problem9.swift in Sources */,
				558C9EFA19C1460700D8E04D /* Problem17.swift in Sources */,
				558DE46319B6A3CB0088B812 /* EulerTests.swift in Sources */,
				291948E71A54D0B800DB9AAF /* Set.swift in Sources */,
				55B894C019C0174A00A7E598 /* Problem16Tests.swift in Sources */,
				291948F01A54DD2B00DB9AAF /* StringNum.swift in Sources */,
				55B894B019C0173700A7E598 /* Problem2.swift in Sources */,
				558DE47819B6A6F00088B812 /* PalindromeTest.swift in Sources */,
				554B6F7919C5532000421F5F /* Problem20.swift in Sources */,
				558A365319CA96BF007740E2 /* Problem22.swift in Sources */,
				554B6F7C19C5532F00421F5F /* Problem19.swift in Sources */,
				55B894B819C0173700A7E598 /* Problem10.swift in Sources */,
				55B894B119C0173700A7E598 /* Problem3.swift in Sources */,
				5581722019C54F5000053B00 /* Problem18.swift in Sources */,
				291948ED1A54D29C00DB9AAF /* GlobalHelpers.swift in Sources */,
				558DE46919B6A4050088B812 /* Euler.swift in Sources */,
				29B7CDF91A579F2E00BBDCB1 /* Problem28.swift in Sources */,
				55B894BD19C0173700A7E598 /* Problem15.swift in Sources */,
				291948DD1A54CFA500DB9AAF /* PrimeTests.swift in Sources */,
				55B894B219C0173700A7E598 /* Problem4.swift in Sources */,
				55B894B919C0173700A7E598 /* Problem11.swift in Sources */,
				291948EA1A54D24100DB9AAF /* Int+EulerKit.swift in Sources */,
				29D1B4571A47AA200002B363 /* BigNumTests.swift in Sources */,
				291948E11A54CFE200DB9AAF /* String+EulerKit.swift in Sources */,
				55B894BE19C0173700A7E598 /* Problem16.swift in Sources */,
				558A364D19CA7CC6007740E2 /* Problem21.swift in Sources */,
				55B894BC19C0173700A7E598 /* Problem14.swift in Sources */,
				55B894AF19C0173700A7E598 /* Problem1.swift in Sources */,
				55AEC16A19C22A5300402275 /* Problem17Tests.swift in Sources */,
				291948E41A54D04F00DB9AAF /* Sequences.swift in Sources */,
				55B894B319C0173700A7E598 /* Problem5.swift in Sources */,
				55B894C319C0285400A7E598 /* Problem15Tests.swift in Sources */,
				55B894BB19C0173700A7E598 /* Problem13.swift in Sources */,
			);
			runOnlyForDeploymentPostprocessing = 0;
		};
/* End PBXSourcesBuildPhase section */

/* Begin XCBuildConfiguration section */
		552558CB19AEB953004B958F /* Debug */ = {
			isa = XCBuildConfiguration;
			buildSettings = {
				ALWAYS_SEARCH_USER_PATHS = NO;
				CLANG_CXX_LANGUAGE_STANDARD = "gnu++0x";
				CLANG_CXX_LIBRARY = "libc++";
				CLANG_ENABLE_MODULES = YES;
				CLANG_ENABLE_OBJC_ARC = YES;
				CLANG_WARN_BOOL_CONVERSION = YES;
				CLANG_WARN_CONSTANT_CONVERSION = YES;
				CLANG_WARN_DIRECT_OBJC_ISA_USAGE = YES_ERROR;
				CLANG_WARN_EMPTY_BODY = YES;
				CLANG_WARN_ENUM_CONVERSION = YES;
				CLANG_WARN_INT_CONVERSION = YES;
				CLANG_WARN_OBJC_ROOT_CLASS = YES_ERROR;
				CLANG_WARN_UNREACHABLE_CODE = YES;
				CLANG_WARN__DUPLICATE_METHOD_MATCH = YES;
				COPY_PHASE_STRIP = NO;
				ENABLE_STRICT_OBJC_MSGSEND = YES;
				GCC_C_LANGUAGE_STANDARD = gnu99;
				GCC_DYNAMIC_NO_PIC = NO;
				GCC_OPTIMIZATION_LEVEL = 3;
				GCC_PREPROCESSOR_DEFINITIONS = (
					"DEBUG=1",
					"$(inherited)",
				);
				GCC_SYMBOLS_PRIVATE_EXTERN = NO;
				GCC_WARN_64_TO_32_BIT_CONVERSION = YES;
				GCC_WARN_ABOUT_RETURN_TYPE = YES_ERROR;
				GCC_WARN_UNDECLARED_SELECTOR = YES;
				GCC_WARN_UNINITIALIZED_AUTOS = YES_AGGRESSIVE;
				GCC_WARN_UNUSED_FUNCTION = YES;
				GCC_WARN_UNUSED_VARIABLE = YES;
				MACOSX_DEPLOYMENT_TARGET = 10.9;
				MTL_ENABLE_DEBUG_INFO = YES;
				ONLY_ACTIVE_ARCH = YES;
				SDKROOT = macosx;
				SWIFT_OPTIMIZATION_LEVEL = "-Ounchecked";
			};
			name = Debug;
		};
		552558CC19AEB953004B958F /* Release */ = {
			isa = XCBuildConfiguration;
			buildSettings = {
				ALWAYS_SEARCH_USER_PATHS = NO;
				CLANG_CXX_LANGUAGE_STANDARD = "gnu++0x";
				CLANG_CXX_LIBRARY = "libc++";
				CLANG_ENABLE_MODULES = YES;
				CLANG_ENABLE_OBJC_ARC = YES;
				CLANG_WARN_BOOL_CONVERSION = YES;
				CLANG_WARN_CONSTANT_CONVERSION = YES;
				CLANG_WARN_DIRECT_OBJC_ISA_USAGE = YES_ERROR;
				CLANG_WARN_EMPTY_BODY = YES;
				CLANG_WARN_ENUM_CONVERSION = YES;
				CLANG_WARN_INT_CONVERSION = YES;
				CLANG_WARN_OBJC_ROOT_CLASS = YES_ERROR;
				CLANG_WARN_UNREACHABLE_CODE = YES;
				CLANG_WARN__DUPLICATE_METHOD_MATCH = YES;
				COPY_PHASE_STRIP = YES;
				DEBUG_INFORMATION_FORMAT = "dwarf-with-dsym";
				ENABLE_NS_ASSERTIONS = NO;
				ENABLE_STRICT_OBJC_MSGSEND = YES;
				GCC_C_LANGUAGE_STANDARD = gnu99;
				GCC_WARN_64_TO_32_BIT_CONVERSION = YES;
				GCC_WARN_ABOUT_RETURN_TYPE = YES_ERROR;
				GCC_WARN_UNDECLARED_SELECTOR = YES;
				GCC_WARN_UNINITIALIZED_AUTOS = YES_AGGRESSIVE;
				GCC_WARN_UNUSED_FUNCTION = YES;
				GCC_WARN_UNUSED_VARIABLE = YES;
				MACOSX_DEPLOYMENT_TARGET = 10.9;
				MTL_ENABLE_DEBUG_INFO = NO;
				SDKROOT = macosx;
			};
			name = Release;
		};
		552558CE19AEB953004B958F /* Debug */ = {
			isa = XCBuildConfiguration;
			baseConfigurationReference = C3E496690520F962E1DF87E6 /* Pods.debug.xcconfig */;
			buildSettings = {
				GCC_OPTIMIZATION_LEVEL = fast;
				PRODUCT_NAME = "$(TARGET_NAME)";
				SWIFT_OBJC_BRIDGING_HEADER = "./euler/euler-Bridging-Header.h";
			};
			name = Debug;
		};
		552558CF19AEB953004B958F /* Release */ = {
			isa = XCBuildConfiguration;
			baseConfigurationReference = 658A5A94FFCD657F9190220C /* Pods.release.xcconfig */;
			buildSettings = {
				GCC_OPTIMIZATION_LEVEL = s;
				PRODUCT_NAME = "$(TARGET_NAME)";
				SWIFT_OBJC_BRIDGING_HEADER = "./euler/euler-Bridging-Header.h";
			};
			name = Release;
		};
		558DE46519B6A3CB0088B812 /* Debug */ = {
			isa = XCBuildConfiguration;
			baseConfigurationReference = 5073322D203495D289EB5811 /* Pods-eulerTests.debug.xcconfig */;
			buildSettings = {
				COMBINE_HIDPI_IMAGES = YES;
				FRAMEWORK_SEARCH_PATHS = (
					"$(DEVELOPER_FRAMEWORKS_DIR)",
					"$(inherited)",
				);
				GCC_OPTIMIZATION_LEVEL = 0;
				GCC_PREPROCESSOR_DEFINITIONS = (
					"DEBUG=1",
					"$(inherited)",
				);
				INFOPLIST_FILE = eulerTests/Info.plist;
				LD_RUNPATH_SEARCH_PATHS = "$(inherited) @executable_path/../Frameworks @loader_path/../Frameworks";
				PRODUCT_NAME = "$(TARGET_NAME)";
				SWIFT_OBJC_BRIDGING_HEADER = "./euler/euler-Bridging-Header.h";
				SWIFT_OPTIMIZATION_LEVEL = "-Onone";
			};
			name = Debug;
		};
		558DE46619B6A3CB0088B812 /* Release */ = {
			isa = XCBuildConfiguration;
			baseConfigurationReference = F2FDF1EC7BD9EBF482B17466 /* Pods-eulerTests.release.xcconfig */;
			buildSettings = {
				COMBINE_HIDPI_IMAGES = YES;
				FRAMEWORK_SEARCH_PATHS = (
					"$(DEVELOPER_FRAMEWORKS_DIR)",
					"$(inherited)",
				);
				INFOPLIST_FILE = eulerTests/Info.plist;
				LD_RUNPATH_SEARCH_PATHS = "$(inherited) @executable_path/../Frameworks @loader_path/../Frameworks";
				PRODUCT_NAME = "$(TARGET_NAME)";
				SWIFT_OBJC_BRIDGING_HEADER = "./euler/euler-Bridging-Header.h";
			};
			name = Release;
		};
/* End XCBuildConfiguration section */

/* Begin XCConfigurationList section */
		552558C119AEB953004B958F /* Build configuration list for PBXProject "euler" */ = {
			isa = XCConfigurationList;
			buildConfigurations = (
				552558CB19AEB953004B958F /* Debug */,
				552558CC19AEB953004B958F /* Release */,
			);
			defaultConfigurationIsVisible = 0;
			defaultConfigurationName = Release;
		};
		552558CD19AEB953004B958F /* Build configuration list for PBXNativeTarget "euler" */ = {
			isa = XCConfigurationList;
			buildConfigurations = (
				552558CE19AEB953004B958F /* Debug */,
				552558CF19AEB953004B958F /* Release */,
			);
			defaultConfigurationIsVisible = 0;
			defaultConfigurationName = Release;
		};
		558DE46419B6A3CB0088B812 /* Build configuration list for PBXNativeTarget "eulerTests" */ = {
			isa = XCConfigurationList;
			buildConfigurations = (
				558DE46519B6A3CB0088B812 /* Debug */,
				558DE46619B6A3CB0088B812 /* Release */,
			);
			defaultConfigurationIsVisible = 0;
			defaultConfigurationName = Release;
		};
/* End XCConfigurationList section */
	};
	rootObject = 552558BE19AEB953004B958F /* Project object */;
}
