PODS:
  - JKBigInteger (0.0.1)
  - Nimble (0.4.0)

DEPENDENCIES:
  - JKBigInteger
  - Nimble (from `https://github.com/Quick/Nimble`)

EXTERNAL SOURCES:
  Nimble:
    :git: https://github.com/Quick/Nimble

CHECKOUT OPTIONS:
  Nimble:
    :commit: 6a679cbf20da3fe570c26296b3029dd168b72c00
    :git: https://github.com/Quick/Nimble

SPEC CHECKSUMS:
  JKBigInteger: e24ff21871e12f2dd4ce54280d61363254014dbe
  Nimble: 09c242bf483ca28ca4174ff45cb6a81cba9d32ef

COCOAPODS: 0.35.0
